
Microsoft Visual Studio Solution File, Format Version 12.00
# Visual Studio 15
VisualStudioVersion = 15.0.28307.779
MinimumVisualStudioVersion = 10.0.40219.1
Project("{FAE04EC0-301F-11D3-BF4B-00C04F79EFBC}") = "Greeting", "ConsoleApp1\Greeting.csproj", "{B62FB26B-FEA8-4395-A7B9-AD528F8ACD45}"
EndProject
Project("{FAE04EC0-301F-11D3-BF4B-00C04F79EFBC}") = "ConcatenateData", "ConcatenateData\ConcatenateData.csproj", "{85B634A1-C7A5-42FE-8CBD-6EA51B5D1F43}"
EndProject
Project("{FAE04EC0-301F-11D3-BF4B-00C04F79EFBC}") = "SquareArea", "SquareArea\SquareArea.csproj", "{23BFE71A-E184-493B-B207-75761BA0E83B}"
EndProject
Project("{FAE04EC0-301F-11D3-BF4B-00C04F79EFBC}") = "InchesToSantimeters", "InchesToSantimeters\InchesToSantimeters.csproj", "{600ADCDC-A81B-40D1-ACE4-C0FFA5E3CF5F}"
EndProject
Project("{FAE04EC0-301F-11D3-BF4B-00C04F79EFBC}") = "Project", "Project\Project.csproj", "{C7FD91FB-84D8-4D09-ADDF-E5D228C73ADA}"
EndProject
Project("{FAE04EC0-301F-11D3-BF4B-00C04F79EFBC}") = "GreenYard", "GreenYard\GreenYard.csproj", "{FD1D9F57-DF5A-4E14-8CFB-43DF4D0380C5}"
EndProject
Project("{FAE04EC0-301F-11D3-BF4B-00C04F79EFBC}") = "Aquarium", "Aquarium\Aquarium.csproj", "{18BC2C53-4967-4A94-8FC4-60B9C5073CEA}"
EndProject
Project("{FAE04EC0-301F-11D3-BF4B-00C04F79EFBC}") = "ZooStore", "ZooStore\ZooStore.csproj", "{D027F339-76E7-43EE-86FC-FB3238770864}"
EndProject
Project("{FAE04EC0-301F-11D3-BF4B-00C04F79EFBC}") = "UsdToBgn", "UsdToBgn\UsdToBgn.csproj", "{0AF6B6EB-D9D8-419D-AD31-F1C3A7396812}"
EndProject
Project("{FAE04EC0-301F-11D3-BF4B-00C04F79EFBC}") = "RadianToDegree", "RadianToDegree\RadianToDegree.csproj", "{A9F309B9-4F6B-40AF-90E6-17AD62FFD57C}"
EndProject
Project("{FAE04EC0-301F-11D3-BF4B-00C04F79EFBC}") = "RectangleArea", "RectangleArea\RectangleArea.csproj", "{7E64D0BB-B16D-4D52-9DED-79B385470EA4}"
EndProject
Project("{FAE04EC0-301F-11D3-BF4B-00C04F79EFBC}") = "TailoringWorkshop", "TailoringWorkshop\TailoringWorkshop.csproj", "{4D1717AA-2FF2-4169-AAD4-D3B2B289817F}"
EndProject
Project("{FAE04EC0-301F-11D3-BF4B-00C04F79EFBC}") = "If-Else-DEMO", "If-Else-DEMO\If-Else-DEMO.csproj", "{B4EA9135-485B-4A47-B9DB-B58B67F9105D}"
EndProject
Project("{FAE04EC0-301F-11D3-BF4B-00C04F79EFBC}") = "Grades", "Grades\Grades.csproj", "{2F731256-468A-47BE-B31F-61BF5DDAA5C5}"
EndProject
Project("{FAE04EC0-301F-11D3-BF4B-00C04F79EFBC}") = "GreaterNumber", "GreaterNumber\GreaterNumber.csproj", "{252A0130-C3DD-4934-8ED5-279F637C9C16}"
EndProject
Project("{FAE04EC0-301F-11D3-BF4B-00C04F79EFBC}") = "EvenOdd", "EvenOdd\EvenOdd.csproj", "{74B3E583-09B8-4539-883F-2893CDE3C59F}"
EndProject
Project("{FAE04EC0-301F-11D3-BF4B-00C04F79EFBC}") = "Num1To9", "Num1To9\Num1To9.csproj", "{9AC65073-C4E5-4A00-8F81-7E096F430239}"
EndProject
Project("{FAE04EC0-301F-11D3-BF4B-00C04F79EFBC}") = "FigureAreas", "FigureAreas\FigureAreas.csproj", "{FAB9EFF0-C147-4881-897D-612383A61271}"
EndProject
Project("{FAE04EC0-301F-11D3-BF4B-00C04F79EFBC}") = "WeekOfDay", "WeekOfDay\WeekOfDay.csproj", "{AC956FA9-515F-44C0-B18E-C366F82A3DB9}"
EndProject
Project("{FAE04EC0-301F-11D3-BF4B-00C04F79EFBC}") = "SameNumbers", "SameNumbers\SameNumbers.csproj", "{BE950CF6-49C5-4E39-857C-FF414924B18D}"
EndProject
Project("{FAE04EC0-301F-11D3-BF4B-00C04F79EFBC}") = "Num100to200", "Num100to200\Num100to200.csproj", "{59569136-D9EE-4628-97CA-F8D0EC9854BE}"
EndProject
Project("{FAE04EC0-301F-11D3-BF4B-00C04F79EFBC}") = "Password", "b_Password\Password.csproj", "{E4704940-048A-4F25-8F8A-80B6A9649473}"
EndProject
Project("{FAE04EC0-301F-11D3-BF4B-00C04F79EFBC}") = "SameWords", "b_SameWords\SameWords.csproj", "{94C939E5-89E9-4E24-9AFA-B5F487BBD819}"
EndProject
Project("{FAE04EC0-301F-11D3-BF4B-00C04F79EFBC}") = "Animals", "b_Animals\Animals.csproj", "{56E9B7AE-F8B5-452E-BF94-3FB4D44778B5}"
EndProject
Project("{FAE04EC0-301F-11D3-BF4B-00C04F79EFBC}") = "Store", "b_Store\Store.csproj", "{1AAC6765-35AE-4AA6-8D9B-A93BD5BF5691}"
EndProject
Project("{FAE04EC0-301F-11D3-BF4B-00C04F79EFBC}") = "SecondsTotal", "SecondsTotal\SecondsTotal.csproj", "{41A56A5D-0619-4C59-A9F0-9E3F19D67E3C}"
EndProject
Project("{FAE04EC0-301F-11D3-BF4B-00C04F79EFBC}") = "BonusPoints", "BonusPoints\BonusPoints.csproj", "{F53F393D-5492-4C12-9421-F8A9829B9663}"
EndProject
Project("{2150E333-8FDC-42A3-9474-1A3956D46DE8}") = "SimpleCalculations", "SimpleCalculations", "{1EEBE226-9C24-474B-9CD3-59B11380D71A}"
EndProject
Project("{2150E333-8FDC-42A3-9474-1A3956D46DE8}") = "SimpleConditions", "SimpleConditions", "{1096EECF-69C8-4CD6-887D-62A110FA10A7}"
EndProject
Project("{FAE04EC0-301F-11D3-BF4B-00C04F79EFBC}") = "SpeedInfo", "SpeedInfo\SpeedInfo.csproj", "{69CABF58-7EDB-4047-99C4-3647F6AB98AF}"
EndProject
Project("{FAE04EC0-301F-11D3-BF4B-00C04F79EFBC}") = "MetricConverter", "MetricConverter\MetricConverter.csproj", "{3DB4C255-FD1E-4CBF-BEA9-27368C2B3CEC}"
EndProject
Project("{FAE04EC0-301F-11D3-BF4B-00C04F79EFBC}") = "Time+15min", "Time+15min\Time+15min.csproj", "{7F3DC0EF-9C04-4690-B5E3-886FF007D190}"
EndProject
Project("{2150E333-8FDC-42A3-9474-1A3956D46DE8}") = "ComplexConditions", "ComplexConditions", "{3F443C29-7A3C-4158-83AD-B35010C7CFCE}"
EndProject
Project("{FAE04EC0-301F-11D3-BF4B-00C04F79EFBC}") = "GreetingsByAge", "Demo\GreetingsByAge.csproj", "{29D22FA0-01AA-4F8A-A59C-9881A9676A21}"
EndProject
Project("{FAE04EC0-301F-11D3-BF4B-00C04F79EFBC}") = "LocalShop", "LocalShop\LocalShop.csproj", "{4D235F59-5827-4068-BA3F-43F157AFDBEF}"
EndProject
Project("{FAE04EC0-301F-11D3-BF4B-00C04F79EFBC}") = "IntervalNumber", "IntervalNumber\IntervalNumber.csproj", "{A64350E8-FD61-481D-AC91-517A2171AD1F}"
EndProject
Project("{FAE04EC0-301F-11D3-BF4B-00C04F79EFBC}") = "FruitVegetable", "FruitVegetable\FruitVegetable.csproj", "{64CBEB72-D283-4719-B450-65BE2CA45A9C}"
EndProject
Project("{FAE04EC0-301F-11D3-BF4B-00C04F79EFBC}") = "InvalidNumber", "InvalidNumber\InvalidNumber.csproj", "{50F26548-59FA-4AB2-9237-8F1184B951EC}"
EndProject
Project("{FAE04EC0-301F-11D3-BF4B-00C04F79EFBC}") = "FruitShop", "FruitShop\FruitShop.csproj", "{0ADDA539-E2BB-48D0-86E0-A4A52F9DEBE6}"
EndProject
Project("{FAE04EC0-301F-11D3-BF4B-00C04F79EFBC}") = "TradeCommissions", "TradeCommissions\TradeCommissions.csproj", "{60E6666C-2BF8-4B9A-BD8C-56BD914890BD}"
EndProject
Project("{FAE04EC0-301F-11D3-BF4B-00C04F79EFBC}") = "SkiHoliday", "SkiHoliday\SkiHoliday.csproj", "{5414ABBD-9EE8-4F58-8CA2-4FBADA06CC33}"
EndProject
Project("{FAE04EC0-301F-11D3-BF4B-00C04F79EFBC}") = "PointOnRectangle", "PointOnRectangle\PointOnRectangle.csproj", "{4D2440CF-9B53-4AC5-88EE-91A842C615BD}"
EndProject
Project("{FAE04EC0-301F-11D3-BF4B-00C04F79EFBC}") = "Cinema", "Cinema\Cinema.csproj", "{00C7F932-EDE3-4B00-B7D2-BB7E6BE7B46E}"
EndProject
Project("{2150E333-8FDC-42A3-9474-1A3956D46DE8}") = "Loops", "Loops", "{D6083F2B-963E-490C-87E7-6D316763CC21}"
EndProject
Project("{FAE04EC0-301F-11D3-BF4B-00C04F79EFBC}") = "DemoWhile", "DemoWhile\DemoWhile.csproj", "{CD299B40-B443-4206-B535-7711F0EA814E}"
EndProject
Project("{FAE04EC0-301F-11D3-BF4B-00C04F79EFBC}") = "NumInRange100", "NumInRange100\NumInRange100.csproj", "{048E22A9-6C40-409E-B451-380966F3D686}"
EndProject
Project("{FAE04EC0-301F-11D3-BF4B-00C04F79EFBC}") = "Password", "Password\Password.csproj", "{5988F95D-EA22-4A61-A657-73CB2F12B582}"
EndProject
Project("{FAE04EC0-301F-11D3-BF4B-00C04F79EFBC}") = "Numbers2k+1", "Numbers2k+1\Numbers2k+1.csproj", "{89999D85-9BF6-4BA8-B3FF-4ECDEB5F665F}"
EndProject
Project("{FAE04EC0-301F-11D3-BF4B-00C04F79EFBC}") = "MoneyBalance", "MoneyBalance\MoneyBalance.csproj", "{7B0B1246-6F15-4760-8ACD-1D7170F24B98}"
EndProject
Project("{FAE04EC0-301F-11D3-BF4B-00C04F79EFBC}") = "BiggestNumber", "BiggestNumber\BiggestNumber.csproj", "{29DBDC25-08F7-4DF4-B9A5-8F7939CF16D4}"
EndProject
Project("{FAE04EC0-301F-11D3-BF4B-00C04F79EFBC}") = "Graduation", "Graduation\Graduation.csproj", "{7D68C7AD-79E7-4598-A289-4F4B7BD47E40}"
EndProject
Project("{FAE04EC0-301F-11D3-BF4B-00C04F79EFBC}") = "Moving", "Moving\Moving.csproj", "{EDECDC9E-4908-478C-994D-6DD643157CB5}"
EndProject
Project("{FAE04EC0-301F-11D3-BF4B-00C04F79EFBC}") = "OldLibrary", "OldLibrary\OldLibrary.csproj", "{89405D54-BF80-45D8-945E-6716A96C30AC}"
EndProject
Project("{FAE04EC0-301F-11D3-BF4B-00C04F79EFBC}") = "ExamPreparation", "ExamPreparation\ExamPreparation.csproj", "{BC067B76-34CE-4EA0-9256-ADA78A64C8D9}"
EndProject
Project("{FAE04EC0-301F-11D3-BF4B-00C04F79EFBC}") = "Num1to100", "Num1to100\Num1to100.csproj", "{D3048D38-2C86-48D5-9267-0996CEC0A58B}"
EndProject
Project("{2150E333-8FDC-42A3-9474-1A3956D46DE8}") = "For Loop", "For Loop", "{1C83E6DC-B3FA-4A41-95F4-FA5475EACB46}"
EndProject
Project("{FAE04EC0-301F-11D3-BF4B-00C04F79EFBC}") = "FromAtoZ", "FromAtoZ\FromAtoZ.csproj", "{8B9ED395-208D-4140-888B-446F46A28DAD}"
EndProject
Project("{FAE04EC0-301F-11D3-BF4B-00C04F79EFBC}") = "NumbersSum", "NumbersSum\NumbersSum.csproj", "{0A9B29A7-7DF8-46CD-8A1C-C36B7B6F3B13}"
EndProject
Project("{FAE04EC0-301F-11D3-BF4B-00C04F79EFBC}") = "From100to1", "From100to1\From100to1.csproj", "{A928CF80-54D8-45D1-A90B-0AA5668891DF}"
EndProject
Project("{2150E333-8FDC-42A3-9474-1A3956D46DE8}") = "ComplexLoop", "ComplexLoop", "{E34F73BF-33F2-424F-B345-BCD5DF3CF1E7}"
EndProject
Project("{FAE04EC0-301F-11D3-BF4B-00C04F79EFBC}") = "Clock", "Clock\Clock.csproj", "{C1E8710D-536F-4F16-82E2-3748B08025AC}"
EndProject
Project("{FAE04EC0-301F-11D3-BF4B-00C04F79EFBC}") = "Combinations", "Combinations\Combinations.csproj", "{0DC2E19C-A47D-46BC-826A-EBFC76951BDF}"
EndProject
Project("{FAE04EC0-301F-11D3-BF4B-00C04F79EFBC}") = "Building", "Building\Building.csproj", "{31678E44-9679-4028-BBD0-A010CD5093AA}"
EndProject
Project("{FAE04EC0-301F-11D3-BF4B-00C04F79EFBC}") = "TravelHoliday", "TravelHoliday\TravelHoliday.csproj", "{8829E887-44AC-4117-A81E-2E5434B6DAB9}"
EndProject
Project("{FAE04EC0-301F-11D3-BF4B-00C04F79EFBC}") = "NameWar", "NameWar\NameWar.csproj", "{0F2A3A37-7692-42D3-8DCD-09084A1DCBAA}"
EndProject
Project("{FAE04EC0-301F-11D3-BF4B-00C04F79EFBC}") = "MagicNumber", "MagicNumber\MagicNumber.csproj", "{EE58D9D5-BC65-4758-9095-33157E2FE071}"
EndProject
Project("{2150E333-8FDC-42A3-9474-1A3956D46DE8}") = "Programming Basics", "Programming Basics", "{A33460DC-2A1B-4DDC-8958-5FC0DB53E3C2}"
EndProject
Project("{2150E333-8FDC-42A3-9474-1A3956D46DE8}") = "Technology Fundamentals", "Technology Fundamentals", "{77BCA7E5-F688-445A-815B-25F593CA1917}"
EndProject
Project("{2150E333-8FDC-42A3-9474-1A3956D46DE8}") = "Data Types and Variables", "Data Types and Variables", "{0F4FD5B2-BEBE-4E6C-BE14-FEDC627A9805}"
EndProject
Project("{FAE04EC0-301F-11D3-BF4B-00C04F79EFBC}") = "IntegerOperations", "IntegerOperations\IntegerOperations.csproj", "{08D8A420-585E-4D12-9E6F-60AC880D21DE}"
EndProject
Project("{FAE04EC0-301F-11D3-BF4B-00C04F79EFBC}") = "SumDigits", "SumDigits\SumDigits.csproj", "{2E55B80D-1963-493C-8024-C170A668B3C1}"
EndProject
Project("{FAE04EC0-301F-11D3-BF4B-00C04F79EFBC}") = "Elevator", "Elevator\Elevator.csproj", "{4D565009-E7C0-4B90-A119-FE8346C0B7F9}"
EndProject
Project("{2150E333-8FDC-42A3-9474-1A3956D46DE8}") = "Lists", "Lists", "{0ED4AF4D-89EA-4737-B1A6-E99A002809ED}"
EndProject
Project("{2150E333-8FDC-42A3-9474-1A3956D46DE8}") = "Methods", "Methods", "{284EA969-5DC3-41A6-AED0-0DAEF1F029F7}"
EndProject
Project("{2150E333-8FDC-42A3-9474-1A3956D46DE8}") = "Arrays", "Arrays", "{5D880113-A0F1-4A3A-A8E3-CC34A5234410}"
EndProject
Project("{FAE04EC0-301F-11D3-BF4B-00C04F79EFBC}") = "TrainWagons", "Train\TrainWagons.csproj", "{505900BF-6A83-443A-A740-945F7FC228BB}"
EndProject
Project("{FAE04EC0-301F-11D3-BF4B-00C04F79EFBC}") = "ChangeList", "ChangeList\ChangeList.csproj", "{0FED36B0-4462-4B69-94A7-7ECB0B0D5724}"
EndProject
Project("{FAE04EC0-301F-11D3-BF4B-00C04F79EFBC}") = "ReadNumbers", "ReadNumbers\ReadNumbers.csproj", "{360DF764-6C6A-443A-AEA4-D0664A351ACC}"
EndProject
Project("{FAE04EC0-301F-11D3-BF4B-00C04F79EFBC}") = "RoundingNumbers", "RoundingNumbers\RoundingNumbers.csproj", "{6A5694DD-437B-44AD-BB63-F5686FEB8DBB}"
EndProject
Project("{FAE04EC0-301F-11D3-BF4B-00C04F79EFBC}") = "WagonCount", "WagonCount\WagonCount.csproj", "{B093D0A9-D3DB-4860-866C-A37E569C7ABC}"
EndProject
Project("{FAE04EC0-301F-11D3-BF4B-00C04F79EFBC}") = "WeekDays", "WeekDays\WeekDays.csproj", "{3A8EB72C-C31E-41D8-AC62-2B1717155E5E}"
EndProject
Project("{FAE04EC0-301F-11D3-BF4B-00C04F79EFBC}") = "SmallestOfThreeNumbers", "SmallestOfThreeNumbers\SmallestOfThreeNumbers.csproj", "{F566A3B2-16CD-4333-A073-DFF7FBFD5C64}"
EndProject
Project("{FAE04EC0-301F-11D3-BF4B-00C04F79EFBC}") = "TriangleFigure", "TriangleFigure\TriangleFigure.csproj", "{9763C731-2136-4C51-9ABF-E525964D122A}"
EndProject
Project("{FAE04EC0-301F-11D3-BF4B-00C04F79EFBC}") = "VowestCount", "VowestCount\VowestCount.csproj", "{57F8F0C2-D1D8-4988-A58E-96580BF84260}"
EndProject
Project("{FAE04EC0-301F-11D3-BF4B-00C04F79EFBC}") = "PasswordValidator", "PasswordValidator\PasswordValidator.csproj", "{AE9C9FAB-061F-4866-BE3A-C6F645DD026B}"
EndProject
Project("{FAE04EC0-301F-11D3-BF4B-00C04F79EFBC}") = "MergingLists", "MergingLists\MergingLists.csproj", "{4051F8B8-0716-4A77-BEB5-874080408B67}"
EndProject
Project("{FAE04EC0-301F-11D3-BF4B-00C04F79EFBC}") = "ListOperations", "ListOperations\ListOperations.csproj", "{9913A353-CA77-4741-BBEB-AD4EF33A3759}"
EndProject
Project("{2150E333-8FDC-42A3-9474-1A3956D46DE8}") = "Objects And Classes", "Objects And Classes", "{49220554-74AA-461A-9BA1-1562E5646E43}"
EndProject
Project("{FAE04EC0-301F-11D3-BF4B-00C04F79EFBC}") = "AdvertisementMessage", "AdvertisementMessage\AdvertisementMessage.csproj", "{30B4046A-64C4-48C5-B80F-9DE4C95D73B1}"
EndProject
Project("{FAE04EC0-301F-11D3-BF4B-00C04F79EFBC}") = "Articles", "Articles\Articles.csproj", "{53A96C35-374F-49CB-B1D9-70A688288DEC}"
EndProject
Project("{FAE04EC0-301F-11D3-BF4B-00C04F79EFBC}") = "OrderByAge", "OrderByAge\OrderByAge.csproj", "{76EF8D12-AC77-4B94-A179-3502EE33A9F5}"
EndProject
Project("{FAE04EC0-301F-11D3-BF4B-00C04F79EFBC}") = "Students", "Students\Students.csproj", "{87926036-8C21-4B70-83BD-909D554B8A5D}"
EndProject
Project("{2150E333-8FDC-42A3-9474-1A3956D46DE8}") = "Associative Arrays", "Associative Arrays", "{D879D733-EBC5-44F0-9800-4815033B8CB8}"
EndProject
Project("{FAE04EC0-301F-11D3-BF4B-00C04F79EFBC}") = "WordSynonyms", "WordSynonyms\WordSynonyms.csproj", "{236CA782-5FCA-49D3-8848-671CE811A838}"
EndProject
Project("{FAE04EC0-301F-11D3-BF4B-00C04F79EFBC}") = "WordFilter", "WordFilter\WordFilter.csproj", "{EBCB0817-EB01-4048-B110-9C84A43C345D}"
EndProject
Project("{FAE04EC0-301F-11D3-BF4B-00C04F79EFBC}") = "CountCharsInString", "CountCharsInString\CountCharsInString.csproj", "{C05E0077-9AE5-4D86-8EDB-B888D27649AC}"
EndProject
Project("{FAE04EC0-301F-11D3-BF4B-00C04F79EFBC}") = "LegendaryFarming", "LegendaryFarming\LegendaryFarming.csproj", "{8166A1A6-D188-4E4A-BD9A-FE1F91EECE0D}"
EndProject
Project("{2150E333-8FDC-42A3-9474-1A3956D46DE8}") = "OOP", "OOP", "{14154CBD-C4E4-44C2-B336-1C94A638D53C}"
EndProject
Project("{FAE04EC0-301F-11D3-BF4B-00C04F79EFBC}") = "DrawStars", "DrawStars\DrawStars.csproj", "{25FF8D42-1DE2-459A-A923-F696EE820BA8}"
EndProject
Project("{FAE04EC0-301F-11D3-BF4B-00C04F79EFBC}") = "PointInRectangle", "PointInRectangle\PointInRectangle.csproj", "{D0B894F0-809E-46A6-8F8C-8381F3BDEE28}"
EndProject
Project("{2150E333-8FDC-42A3-9474-1A3956D46DE8}") = "WorkingWithAbstraction", "WorkingWithAbstraction", "{0F9E8A36-E5AA-4FD0-8E76-3FBCB681121F}"
EndProject
Project("{9A19103F-16F7-4668-BE54-9A1E7A4F7556}") = "P01_RawData", "..\..\..\Desktop\C# OOP\P01_RawData\P01_RawData.csproj", "{889CD0FB-3FA8-4D1C-B983-17E30321A152}"
EndProject
Project("{9A19103F-16F7-4668-BE54-9A1E7A4F7556}") = "P02_CarsSalesman", "..\..\..\Desktop\C# OOP\P02_CarsSalesman\P02_CarsSalesman.csproj", "{D3BE1949-703F-493A-BE38-1F609A29C911}"
EndProject
Project("{9A19103F-16F7-4668-BE54-9A1E7A4F7556}") = "P03_JediGalaxy", "..\..\..\Desktop\C# OOP\P03_JediGalaxy\P03_JediGalaxy.csproj", "{4889EFCA-04AD-406F-B8CC-7246597961AD}"
EndProject
Project("{9A19103F-16F7-4668-BE54-9A1E7A4F7556}") = "P04_Hospital", "..\..\..\Desktop\C# OOP\P04_Hospital\P04_Hospital.csproj", "{A1A9093A-68C1-4480-8007-E23314B86F66}"
EndProject
Project("{9A19103F-16F7-4668-BE54-9A1E7A4F7556}") = "P05_GreedyTimes", "..\..\..\Desktop\C# OOP\P05_GreedyTimes\P05_GreedyTimes.csproj", "{241D90BD-7351-4E89-8AEA-4FD694021350}"
EndProject
Project("{9A19103F-16F7-4668-BE54-9A1E7A4F7556}") = "P06_Sneaking", "..\..\..\Desktop\C# OOP\P06_Sneaking\P06_Sneaking.csproj", "{51C05312-639C-4D1F-AEA8-126249BF54B2}"
EndProject
Project("{2150E333-8FDC-42A3-9474-1A3956D46DE8}") = "Inheritance", "Inheritance", "{D93AB1DD-FF33-400F-8026-16ED2EF1A982}"
EndProject
Project("{FAE04EC0-301F-11D3-BF4B-00C04F79EFBC}") = "Inheritance", "Inheritance\Inheritance.csproj", "{03BDB931-D4CD-424D-A6A1-3683285393E9}"
EndProject
Global
	GlobalSection(SolutionConfigurationPlatforms) = preSolution
		Debug|Any CPU = Debug|Any CPU
		Release|Any CPU = Release|Any CPU
	EndGlobalSection
	GlobalSection(ProjectConfigurationPlatforms) = postSolution
		{B62FB26B-FEA8-4395-A7B9-AD528F8ACD45}.Debug|Any CPU.ActiveCfg = Debug|Any CPU
		{B62FB26B-FEA8-4395-A7B9-AD528F8ACD45}.Debug|Any CPU.Build.0 = Debug|Any CPU
		{B62FB26B-FEA8-4395-A7B9-AD528F8ACD45}.Release|Any CPU.ActiveCfg = Release|Any CPU
		{B62FB26B-FEA8-4395-A7B9-AD528F8ACD45}.Release|Any CPU.Build.0 = Release|Any CPU
		{85B634A1-C7A5-42FE-8CBD-6EA51B5D1F43}.Debug|Any CPU.ActiveCfg = Debug|Any CPU
		{85B634A1-C7A5-42FE-8CBD-6EA51B5D1F43}.Debug|Any CPU.Build.0 = Debug|Any CPU
		{85B634A1-C7A5-42FE-8CBD-6EA51B5D1F43}.Release|Any CPU.ActiveCfg = Release|Any CPU
		{85B634A1-C7A5-42FE-8CBD-6EA51B5D1F43}.Release|Any CPU.Build.0 = Release|Any CPU
		{23BFE71A-E184-493B-B207-75761BA0E83B}.Debug|Any CPU.ActiveCfg = Debug|Any CPU
		{23BFE71A-E184-493B-B207-75761BA0E83B}.Debug|Any CPU.Build.0 = Debug|Any CPU
		{23BFE71A-E184-493B-B207-75761BA0E83B}.Release|Any CPU.ActiveCfg = Release|Any CPU
		{23BFE71A-E184-493B-B207-75761BA0E83B}.Release|Any CPU.Build.0 = Release|Any CPU
		{600ADCDC-A81B-40D1-ACE4-C0FFA5E3CF5F}.Debug|Any CPU.ActiveCfg = Debug|Any CPU
		{600ADCDC-A81B-40D1-ACE4-C0FFA5E3CF5F}.Debug|Any CPU.Build.0 = Debug|Any CPU
		{600ADCDC-A81B-40D1-ACE4-C0FFA5E3CF5F}.Release|Any CPU.ActiveCfg = Release|Any CPU
		{600ADCDC-A81B-40D1-ACE4-C0FFA5E3CF5F}.Release|Any CPU.Build.0 = Release|Any CPU
		{C7FD91FB-84D8-4D09-ADDF-E5D228C73ADA}.Debug|Any CPU.ActiveCfg = Debug|Any CPU
		{C7FD91FB-84D8-4D09-ADDF-E5D228C73ADA}.Debug|Any CPU.Build.0 = Debug|Any CPU
		{C7FD91FB-84D8-4D09-ADDF-E5D228C73ADA}.Release|Any CPU.ActiveCfg = Release|Any CPU
		{C7FD91FB-84D8-4D09-ADDF-E5D228C73ADA}.Release|Any CPU.Build.0 = Release|Any CPU
		{FD1D9F57-DF5A-4E14-8CFB-43DF4D0380C5}.Debug|Any CPU.ActiveCfg = Debug|Any CPU
		{FD1D9F57-DF5A-4E14-8CFB-43DF4D0380C5}.Debug|Any CPU.Build.0 = Debug|Any CPU
		{FD1D9F57-DF5A-4E14-8CFB-43DF4D0380C5}.Release|Any CPU.ActiveCfg = Release|Any CPU
		{FD1D9F57-DF5A-4E14-8CFB-43DF4D0380C5}.Release|Any CPU.Build.0 = Release|Any CPU
		{18BC2C53-4967-4A94-8FC4-60B9C5073CEA}.Debug|Any CPU.ActiveCfg = Debug|Any CPU
		{18BC2C53-4967-4A94-8FC4-60B9C5073CEA}.Debug|Any CPU.Build.0 = Debug|Any CPU
		{18BC2C53-4967-4A94-8FC4-60B9C5073CEA}.Release|Any CPU.ActiveCfg = Release|Any CPU
		{18BC2C53-4967-4A94-8FC4-60B9C5073CEA}.Release|Any CPU.Build.0 = Release|Any CPU
		{D027F339-76E7-43EE-86FC-FB3238770864}.Debug|Any CPU.ActiveCfg = Debug|Any CPU
		{D027F339-76E7-43EE-86FC-FB3238770864}.Debug|Any CPU.Build.0 = Debug|Any CPU
		{D027F339-76E7-43EE-86FC-FB3238770864}.Release|Any CPU.ActiveCfg = Release|Any CPU
		{D027F339-76E7-43EE-86FC-FB3238770864}.Release|Any CPU.Build.0 = Release|Any CPU
		{0AF6B6EB-D9D8-419D-AD31-F1C3A7396812}.Debug|Any CPU.ActiveCfg = Debug|Any CPU
		{0AF6B6EB-D9D8-419D-AD31-F1C3A7396812}.Debug|Any CPU.Build.0 = Debug|Any CPU
		{0AF6B6EB-D9D8-419D-AD31-F1C3A7396812}.Release|Any CPU.ActiveCfg = Release|Any CPU
		{0AF6B6EB-D9D8-419D-AD31-F1C3A7396812}.Release|Any CPU.Build.0 = Release|Any CPU
		{A9F309B9-4F6B-40AF-90E6-17AD62FFD57C}.Debug|Any CPU.ActiveCfg = Debug|Any CPU
		{A9F309B9-4F6B-40AF-90E6-17AD62FFD57C}.Debug|Any CPU.Build.0 = Debug|Any CPU
		{A9F309B9-4F6B-40AF-90E6-17AD62FFD57C}.Release|Any CPU.ActiveCfg = Release|Any CPU
		{A9F309B9-4F6B-40AF-90E6-17AD62FFD57C}.Release|Any CPU.Build.0 = Release|Any CPU
		{7E64D0BB-B16D-4D52-9DED-79B385470EA4}.Debug|Any CPU.ActiveCfg = Debug|Any CPU
		{7E64D0BB-B16D-4D52-9DED-79B385470EA4}.Debug|Any CPU.Build.0 = Debug|Any CPU
		{7E64D0BB-B16D-4D52-9DED-79B385470EA4}.Release|Any CPU.ActiveCfg = Release|Any CPU
		{7E64D0BB-B16D-4D52-9DED-79B385470EA4}.Release|Any CPU.Build.0 = Release|Any CPU
		{4D1717AA-2FF2-4169-AAD4-D3B2B289817F}.Debug|Any CPU.ActiveCfg = Debug|Any CPU
		{4D1717AA-2FF2-4169-AAD4-D3B2B289817F}.Debug|Any CPU.Build.0 = Debug|Any CPU
		{4D1717AA-2FF2-4169-AAD4-D3B2B289817F}.Release|Any CPU.ActiveCfg = Release|Any CPU
		{4D1717AA-2FF2-4169-AAD4-D3B2B289817F}.Release|Any CPU.Build.0 = Release|Any CPU
		{B4EA9135-485B-4A47-B9DB-B58B67F9105D}.Debug|Any CPU.ActiveCfg = Debug|Any CPU
		{B4EA9135-485B-4A47-B9DB-B58B67F9105D}.Debug|Any CPU.Build.0 = Debug|Any CPU
		{B4EA9135-485B-4A47-B9DB-B58B67F9105D}.Release|Any CPU.ActiveCfg = Release|Any CPU
		{B4EA9135-485B-4A47-B9DB-B58B67F9105D}.Release|Any CPU.Build.0 = Release|Any CPU
		{2F731256-468A-47BE-B31F-61BF5DDAA5C5}.Debug|Any CPU.ActiveCfg = Debug|Any CPU
		{2F731256-468A-47BE-B31F-61BF5DDAA5C5}.Debug|Any CPU.Build.0 = Debug|Any CPU
		{2F731256-468A-47BE-B31F-61BF5DDAA5C5}.Release|Any CPU.ActiveCfg = Release|Any CPU
		{2F731256-468A-47BE-B31F-61BF5DDAA5C5}.Release|Any CPU.Build.0 = Release|Any CPU
		{252A0130-C3DD-4934-8ED5-279F637C9C16}.Debug|Any CPU.ActiveCfg = Debug|Any CPU
		{252A0130-C3DD-4934-8ED5-279F637C9C16}.Debug|Any CPU.Build.0 = Debug|Any CPU
		{252A0130-C3DD-4934-8ED5-279F637C9C16}.Release|Any CPU.ActiveCfg = Release|Any CPU
		{252A0130-C3DD-4934-8ED5-279F637C9C16}.Release|Any CPU.Build.0 = Release|Any CPU
		{74B3E583-09B8-4539-883F-2893CDE3C59F}.Debug|Any CPU.ActiveCfg = Debug|Any CPU
		{74B3E583-09B8-4539-883F-2893CDE3C59F}.Debug|Any CPU.Build.0 = Debug|Any CPU
		{74B3E583-09B8-4539-883F-2893CDE3C59F}.Release|Any CPU.ActiveCfg = Release|Any CPU
		{74B3E583-09B8-4539-883F-2893CDE3C59F}.Release|Any CPU.Build.0 = Release|Any CPU
		{9AC65073-C4E5-4A00-8F81-7E096F430239}.Debug|Any CPU.ActiveCfg = Debug|Any CPU
		{9AC65073-C4E5-4A00-8F81-7E096F430239}.Debug|Any CPU.Build.0 = Debug|Any CPU
		{9AC65073-C4E5-4A00-8F81-7E096F430239}.Release|Any CPU.ActiveCfg = Release|Any CPU
		{9AC65073-C4E5-4A00-8F81-7E096F430239}.Release|Any CPU.Build.0 = Release|Any CPU
		{FAB9EFF0-C147-4881-897D-612383A61271}.Debug|Any CPU.ActiveCfg = Debug|Any CPU
		{FAB9EFF0-C147-4881-897D-612383A61271}.Debug|Any CPU.Build.0 = Debug|Any CPU
		{FAB9EFF0-C147-4881-897D-612383A61271}.Release|Any CPU.ActiveCfg = Release|Any CPU
		{FAB9EFF0-C147-4881-897D-612383A61271}.Release|Any CPU.Build.0 = Release|Any CPU
		{AC956FA9-515F-44C0-B18E-C366F82A3DB9}.Debug|Any CPU.ActiveCfg = Debug|Any CPU
		{AC956FA9-515F-44C0-B18E-C366F82A3DB9}.Debug|Any CPU.Build.0 = Debug|Any CPU
		{AC956FA9-515F-44C0-B18E-C366F82A3DB9}.Release|Any CPU.ActiveCfg = Release|Any CPU
		{AC956FA9-515F-44C0-B18E-C366F82A3DB9}.Release|Any CPU.Build.0 = Release|Any CPU
		{BE950CF6-49C5-4E39-857C-FF414924B18D}.Debug|Any CPU.ActiveCfg = Debug|Any CPU
		{BE950CF6-49C5-4E39-857C-FF414924B18D}.Debug|Any CPU.Build.0 = Debug|Any CPU
		{BE950CF6-49C5-4E39-857C-FF414924B18D}.Release|Any CPU.ActiveCfg = Release|Any CPU
		{BE950CF6-49C5-4E39-857C-FF414924B18D}.Release|Any CPU.Build.0 = Release|Any CPU
		{59569136-D9EE-4628-97CA-F8D0EC9854BE}.Debug|Any CPU.ActiveCfg = Debug|Any CPU
		{59569136-D9EE-4628-97CA-F8D0EC9854BE}.Debug|Any CPU.Build.0 = Debug|Any CPU
		{59569136-D9EE-4628-97CA-F8D0EC9854BE}.Release|Any CPU.ActiveCfg = Release|Any CPU
		{59569136-D9EE-4628-97CA-F8D0EC9854BE}.Release|Any CPU.Build.0 = Release|Any CPU
		{E4704940-048A-4F25-8F8A-80B6A9649473}.Debug|Any CPU.ActiveCfg = Debug|Any CPU
		{E4704940-048A-4F25-8F8A-80B6A9649473}.Debug|Any CPU.Build.0 = Debug|Any CPU
		{E4704940-048A-4F25-8F8A-80B6A9649473}.Release|Any CPU.ActiveCfg = Release|Any CPU
		{E4704940-048A-4F25-8F8A-80B6A9649473}.Release|Any CPU.Build.0 = Release|Any CPU
		{94C939E5-89E9-4E24-9AFA-B5F487BBD819}.Debug|Any CPU.ActiveCfg = Debug|Any CPU
		{94C939E5-89E9-4E24-9AFA-B5F487BBD819}.Debug|Any CPU.Build.0 = Debug|Any CPU
		{94C939E5-89E9-4E24-9AFA-B5F487BBD819}.Release|Any CPU.ActiveCfg = Release|Any CPU
		{94C939E5-89E9-4E24-9AFA-B5F487BBD819}.Release|Any CPU.Build.0 = Release|Any CPU
		{56E9B7AE-F8B5-452E-BF94-3FB4D44778B5}.Debug|Any CPU.ActiveCfg = Debug|Any CPU
		{56E9B7AE-F8B5-452E-BF94-3FB4D44778B5}.Debug|Any CPU.Build.0 = Debug|Any CPU
		{56E9B7AE-F8B5-452E-BF94-3FB4D44778B5}.Release|Any CPU.ActiveCfg = Release|Any CPU
		{56E9B7AE-F8B5-452E-BF94-3FB4D44778B5}.Release|Any CPU.Build.0 = Release|Any CPU
		{1AAC6765-35AE-4AA6-8D9B-A93BD5BF5691}.Debug|Any CPU.ActiveCfg = Debug|Any CPU
		{1AAC6765-35AE-4AA6-8D9B-A93BD5BF5691}.Debug|Any CPU.Build.0 = Debug|Any CPU
		{1AAC6765-35AE-4AA6-8D9B-A93BD5BF5691}.Release|Any CPU.ActiveCfg = Release|Any CPU
		{1AAC6765-35AE-4AA6-8D9B-A93BD5BF5691}.Release|Any CPU.Build.0 = Release|Any CPU
		{41A56A5D-0619-4C59-A9F0-9E3F19D67E3C}.Debug|Any CPU.ActiveCfg = Debug|Any CPU
		{41A56A5D-0619-4C59-A9F0-9E3F19D67E3C}.Debug|Any CPU.Build.0 = Debug|Any CPU
		{41A56A5D-0619-4C59-A9F0-9E3F19D67E3C}.Release|Any CPU.ActiveCfg = Release|Any CPU
		{41A56A5D-0619-4C59-A9F0-9E3F19D67E3C}.Release|Any CPU.Build.0 = Release|Any CPU
		{F53F393D-5492-4C12-9421-F8A9829B9663}.Debug|Any CPU.ActiveCfg = Debug|Any CPU
		{F53F393D-5492-4C12-9421-F8A9829B9663}.Debug|Any CPU.Build.0 = Debug|Any CPU
		{F53F393D-5492-4C12-9421-F8A9829B9663}.Release|Any CPU.ActiveCfg = Release|Any CPU
		{F53F393D-5492-4C12-9421-F8A9829B9663}.Release|Any CPU.Build.0 = Release|Any CPU
		{69CABF58-7EDB-4047-99C4-3647F6AB98AF}.Debug|Any CPU.ActiveCfg = Debug|Any CPU
		{69CABF58-7EDB-4047-99C4-3647F6AB98AF}.Debug|Any CPU.Build.0 = Debug|Any CPU
		{69CABF58-7EDB-4047-99C4-3647F6AB98AF}.Release|Any CPU.ActiveCfg = Release|Any CPU
		{69CABF58-7EDB-4047-99C4-3647F6AB98AF}.Release|Any CPU.Build.0 = Release|Any CPU
		{3DB4C255-FD1E-4CBF-BEA9-27368C2B3CEC}.Debug|Any CPU.ActiveCfg = Debug|Any CPU
		{3DB4C255-FD1E-4CBF-BEA9-27368C2B3CEC}.Debug|Any CPU.Build.0 = Debug|Any CPU
		{3DB4C255-FD1E-4CBF-BEA9-27368C2B3CEC}.Release|Any CPU.ActiveCfg = Release|Any CPU
		{3DB4C255-FD1E-4CBF-BEA9-27368C2B3CEC}.Release|Any CPU.Build.0 = Release|Any CPU
		{7F3DC0EF-9C04-4690-B5E3-886FF007D190}.Debug|Any CPU.ActiveCfg = Debug|Any CPU
		{7F3DC0EF-9C04-4690-B5E3-886FF007D190}.Debug|Any CPU.Build.0 = Debug|Any CPU
		{7F3DC0EF-9C04-4690-B5E3-886FF007D190}.Release|Any CPU.ActiveCfg = Release|Any CPU
		{7F3DC0EF-9C04-4690-B5E3-886FF007D190}.Release|Any CPU.Build.0 = Release|Any CPU
		{29D22FA0-01AA-4F8A-A59C-9881A9676A21}.Debug|Any CPU.ActiveCfg = Debug|Any CPU
		{29D22FA0-01AA-4F8A-A59C-9881A9676A21}.Debug|Any CPU.Build.0 = Debug|Any CPU
		{29D22FA0-01AA-4F8A-A59C-9881A9676A21}.Release|Any CPU.ActiveCfg = Release|Any CPU
		{29D22FA0-01AA-4F8A-A59C-9881A9676A21}.Release|Any CPU.Build.0 = Release|Any CPU
		{4D235F59-5827-4068-BA3F-43F157AFDBEF}.Debug|Any CPU.ActiveCfg = Debug|Any CPU
		{4D235F59-5827-4068-BA3F-43F157AFDBEF}.Debug|Any CPU.Build.0 = Debug|Any CPU
		{4D235F59-5827-4068-BA3F-43F157AFDBEF}.Release|Any CPU.ActiveCfg = Release|Any CPU
		{4D235F59-5827-4068-BA3F-43F157AFDBEF}.Release|Any CPU.Build.0 = Release|Any CPU
		{A64350E8-FD61-481D-AC91-517A2171AD1F}.Debug|Any CPU.ActiveCfg = Debug|Any CPU
		{A64350E8-FD61-481D-AC91-517A2171AD1F}.Debug|Any CPU.Build.0 = Debug|Any CPU
		{A64350E8-FD61-481D-AC91-517A2171AD1F}.Release|Any CPU.ActiveCfg = Release|Any CPU
		{A64350E8-FD61-481D-AC91-517A2171AD1F}.Release|Any CPU.Build.0 = Release|Any CPU
		{64CBEB72-D283-4719-B450-65BE2CA45A9C}.Debug|Any CPU.ActiveCfg = Debug|Any CPU
		{64CBEB72-D283-4719-B450-65BE2CA45A9C}.Debug|Any CPU.Build.0 = Debug|Any CPU
		{64CBEB72-D283-4719-B450-65BE2CA45A9C}.Release|Any CPU.ActiveCfg = Release|Any CPU
		{64CBEB72-D283-4719-B450-65BE2CA45A9C}.Release|Any CPU.Build.0 = Release|Any CPU
		{50F26548-59FA-4AB2-9237-8F1184B951EC}.Debug|Any CPU.ActiveCfg = Debug|Any CPU
		{50F26548-59FA-4AB2-9237-8F1184B951EC}.Debug|Any CPU.Build.0 = Debug|Any CPU
		{50F26548-59FA-4AB2-9237-8F1184B951EC}.Release|Any CPU.ActiveCfg = Release|Any CPU
		{50F26548-59FA-4AB2-9237-8F1184B951EC}.Release|Any CPU.Build.0 = Release|Any CPU
		{0ADDA539-E2BB-48D0-86E0-A4A52F9DEBE6}.Debug|Any CPU.ActiveCfg = Debug|Any CPU
		{0ADDA539-E2BB-48D0-86E0-A4A52F9DEBE6}.Debug|Any CPU.Build.0 = Debug|Any CPU
		{0ADDA539-E2BB-48D0-86E0-A4A52F9DEBE6}.Release|Any CPU.ActiveCfg = Release|Any CPU
		{0ADDA539-E2BB-48D0-86E0-A4A52F9DEBE6}.Release|Any CPU.Build.0 = Release|Any CPU
		{60E6666C-2BF8-4B9A-BD8C-56BD914890BD}.Debug|Any CPU.ActiveCfg = Debug|Any CPU
		{60E6666C-2BF8-4B9A-BD8C-56BD914890BD}.Debug|Any CPU.Build.0 = Debug|Any CPU
		{60E6666C-2BF8-4B9A-BD8C-56BD914890BD}.Release|Any CPU.ActiveCfg = Release|Any CPU
		{60E6666C-2BF8-4B9A-BD8C-56BD914890BD}.Release|Any CPU.Build.0 = Release|Any CPU
		{5414ABBD-9EE8-4F58-8CA2-4FBADA06CC33}.Debug|Any CPU.ActiveCfg = Debug|Any CPU
		{5414ABBD-9EE8-4F58-8CA2-4FBADA06CC33}.Debug|Any CPU.Build.0 = Debug|Any CPU
		{5414ABBD-9EE8-4F58-8CA2-4FBADA06CC33}.Release|Any CPU.ActiveCfg = Release|Any CPU
		{5414ABBD-9EE8-4F58-8CA2-4FBADA06CC33}.Release|Any CPU.Build.0 = Release|Any CPU
		{4D2440CF-9B53-4AC5-88EE-91A842C615BD}.Debug|Any CPU.ActiveCfg = Debug|Any CPU
		{4D2440CF-9B53-4AC5-88EE-91A842C615BD}.Debug|Any CPU.Build.0 = Debug|Any CPU
		{4D2440CF-9B53-4AC5-88EE-91A842C615BD}.Release|Any CPU.ActiveCfg = Release|Any CPU
		{4D2440CF-9B53-4AC5-88EE-91A842C615BD}.Release|Any CPU.Build.0 = Release|Any CPU
		{00C7F932-EDE3-4B00-B7D2-BB7E6BE7B46E}.Debug|Any CPU.ActiveCfg = Debug|Any CPU
		{00C7F932-EDE3-4B00-B7D2-BB7E6BE7B46E}.Debug|Any CPU.Build.0 = Debug|Any CPU
		{00C7F932-EDE3-4B00-B7D2-BB7E6BE7B46E}.Release|Any CPU.ActiveCfg = Release|Any CPU
		{00C7F932-EDE3-4B00-B7D2-BB7E6BE7B46E}.Release|Any CPU.Build.0 = Release|Any CPU
		{CD299B40-B443-4206-B535-7711F0EA814E}.Debug|Any CPU.ActiveCfg = Debug|Any CPU
		{CD299B40-B443-4206-B535-7711F0EA814E}.Debug|Any CPU.Build.0 = Debug|Any CPU
		{CD299B40-B443-4206-B535-7711F0EA814E}.Release|Any CPU.ActiveCfg = Release|Any CPU
		{CD299B40-B443-4206-B535-7711F0EA814E}.Release|Any CPU.Build.0 = Release|Any CPU
		{048E22A9-6C40-409E-B451-380966F3D686}.Debug|Any CPU.ActiveCfg = Debug|Any CPU
		{048E22A9-6C40-409E-B451-380966F3D686}.Debug|Any CPU.Build.0 = Debug|Any CPU
		{048E22A9-6C40-409E-B451-380966F3D686}.Release|Any CPU.ActiveCfg = Release|Any CPU
		{048E22A9-6C40-409E-B451-380966F3D686}.Release|Any CPU.Build.0 = Release|Any CPU
		{5988F95D-EA22-4A61-A657-73CB2F12B582}.Debug|Any CPU.ActiveCfg = Debug|Any CPU
		{5988F95D-EA22-4A61-A657-73CB2F12B582}.Debug|Any CPU.Build.0 = Debug|Any CPU
		{5988F95D-EA22-4A61-A657-73CB2F12B582}.Release|Any CPU.ActiveCfg = Release|Any CPU
		{5988F95D-EA22-4A61-A657-73CB2F12B582}.Release|Any CPU.Build.0 = Release|Any CPU
		{89999D85-9BF6-4BA8-B3FF-4ECDEB5F665F}.Debug|Any CPU.ActiveCfg = Debug|Any CPU
		{89999D85-9BF6-4BA8-B3FF-4ECDEB5F665F}.Debug|Any CPU.Build.0 = Debug|Any CPU
		{89999D85-9BF6-4BA8-B3FF-4ECDEB5F665F}.Release|Any CPU.ActiveCfg = Release|Any CPU
		{89999D85-9BF6-4BA8-B3FF-4ECDEB5F665F}.Release|Any CPU.Build.0 = Release|Any CPU
		{7B0B1246-6F15-4760-8ACD-1D7170F24B98}.Debug|Any CPU.ActiveCfg = Debug|Any CPU
		{7B0B1246-6F15-4760-8ACD-1D7170F24B98}.Debug|Any CPU.Build.0 = Debug|Any CPU
		{7B0B1246-6F15-4760-8ACD-1D7170F24B98}.Release|Any CPU.ActiveCfg = Release|Any CPU
		{7B0B1246-6F15-4760-8ACD-1D7170F24B98}.Release|Any CPU.Build.0 = Release|Any CPU
		{29DBDC25-08F7-4DF4-B9A5-8F7939CF16D4}.Debug|Any CPU.ActiveCfg = Debug|Any CPU
		{29DBDC25-08F7-4DF4-B9A5-8F7939CF16D4}.Debug|Any CPU.Build.0 = Debug|Any CPU
		{29DBDC25-08F7-4DF4-B9A5-8F7939CF16D4}.Release|Any CPU.ActiveCfg = Release|Any CPU
		{29DBDC25-08F7-4DF4-B9A5-8F7939CF16D4}.Release|Any CPU.Build.0 = Release|Any CPU
		{7D68C7AD-79E7-4598-A289-4F4B7BD47E40}.Debug|Any CPU.ActiveCfg = Debug|Any CPU
		{7D68C7AD-79E7-4598-A289-4F4B7BD47E40}.Debug|Any CPU.Build.0 = Debug|Any CPU
		{7D68C7AD-79E7-4598-A289-4F4B7BD47E40}.Release|Any CPU.ActiveCfg = Release|Any CPU
		{7D68C7AD-79E7-4598-A289-4F4B7BD47E40}.Release|Any CPU.Build.0 = Release|Any CPU
		{EDECDC9E-4908-478C-994D-6DD643157CB5}.Debug|Any CPU.ActiveCfg = Debug|Any CPU
		{EDECDC9E-4908-478C-994D-6DD643157CB5}.Debug|Any CPU.Build.0 = Debug|Any CPU
		{EDECDC9E-4908-478C-994D-6DD643157CB5}.Release|Any CPU.ActiveCfg = Release|Any CPU
		{EDECDC9E-4908-478C-994D-6DD643157CB5}.Release|Any CPU.Build.0 = Release|Any CPU
		{89405D54-BF80-45D8-945E-6716A96C30AC}.Debug|Any CPU.ActiveCfg = Debug|Any CPU
		{89405D54-BF80-45D8-945E-6716A96C30AC}.Debug|Any CPU.Build.0 = Debug|Any CPU
		{89405D54-BF80-45D8-945E-6716A96C30AC}.Release|Any CPU.ActiveCfg = Release|Any CPU
		{89405D54-BF80-45D8-945E-6716A96C30AC}.Release|Any CPU.Build.0 = Release|Any CPU
		{BC067B76-34CE-4EA0-9256-ADA78A64C8D9}.Debug|Any CPU.ActiveCfg = Debug|Any CPU
		{BC067B76-34CE-4EA0-9256-ADA78A64C8D9}.Debug|Any CPU.Build.0 = Debug|Any CPU
		{BC067B76-34CE-4EA0-9256-ADA78A64C8D9}.Release|Any CPU.ActiveCfg = Release|Any CPU
		{BC067B76-34CE-4EA0-9256-ADA78A64C8D9}.Release|Any CPU.Build.0 = Release|Any CPU
		{D3048D38-2C86-48D5-9267-0996CEC0A58B}.Debug|Any CPU.ActiveCfg = Debug|Any CPU
		{D3048D38-2C86-48D5-9267-0996CEC0A58B}.Debug|Any CPU.Build.0 = Debug|Any CPU
		{D3048D38-2C86-48D5-9267-0996CEC0A58B}.Release|Any CPU.ActiveCfg = Release|Any CPU
		{D3048D38-2C86-48D5-9267-0996CEC0A58B}.Release|Any CPU.Build.0 = Release|Any CPU
		{8B9ED395-208D-4140-888B-446F46A28DAD}.Debug|Any CPU.ActiveCfg = Debug|Any CPU
		{8B9ED395-208D-4140-888B-446F46A28DAD}.Debug|Any CPU.Build.0 = Debug|Any CPU
		{8B9ED395-208D-4140-888B-446F46A28DAD}.Release|Any CPU.ActiveCfg = Release|Any CPU
		{8B9ED395-208D-4140-888B-446F46A28DAD}.Release|Any CPU.Build.0 = Release|Any CPU
		{0A9B29A7-7DF8-46CD-8A1C-C36B7B6F3B13}.Debug|Any CPU.ActiveCfg = Debug|Any CPU
		{0A9B29A7-7DF8-46CD-8A1C-C36B7B6F3B13}.Debug|Any CPU.Build.0 = Debug|Any CPU
		{0A9B29A7-7DF8-46CD-8A1C-C36B7B6F3B13}.Release|Any CPU.ActiveCfg = Release|Any CPU
		{0A9B29A7-7DF8-46CD-8A1C-C36B7B6F3B13}.Release|Any CPU.Build.0 = Release|Any CPU
		{A928CF80-54D8-45D1-A90B-0AA5668891DF}.Debug|Any CPU.ActiveCfg = Debug|Any CPU
		{A928CF80-54D8-45D1-A90B-0AA5668891DF}.Debug|Any CPU.Build.0 = Debug|Any CPU
		{A928CF80-54D8-45D1-A90B-0AA5668891DF}.Release|Any CPU.ActiveCfg = Release|Any CPU
		{A928CF80-54D8-45D1-A90B-0AA5668891DF}.Release|Any CPU.Build.0 = Release|Any CPU
		{C1E8710D-536F-4F16-82E2-3748B08025AC}.Debug|Any CPU.ActiveCfg = Debug|Any CPU
		{C1E8710D-536F-4F16-82E2-3748B08025AC}.Debug|Any CPU.Build.0 = Debug|Any CPU
		{C1E8710D-536F-4F16-82E2-3748B08025AC}.Release|Any CPU.ActiveCfg = Release|Any CPU
		{C1E8710D-536F-4F16-82E2-3748B08025AC}.Release|Any CPU.Build.0 = Release|Any CPU
		{0DC2E19C-A47D-46BC-826A-EBFC76951BDF}.Debug|Any CPU.ActiveCfg = Debug|Any CPU
		{0DC2E19C-A47D-46BC-826A-EBFC76951BDF}.Debug|Any CPU.Build.0 = Debug|Any CPU
		{0DC2E19C-A47D-46BC-826A-EBFC76951BDF}.Release|Any CPU.ActiveCfg = Release|Any CPU
		{0DC2E19C-A47D-46BC-826A-EBFC76951BDF}.Release|Any CPU.Build.0 = Release|Any CPU
		{31678E44-9679-4028-BBD0-A010CD5093AA}.Debug|Any CPU.ActiveCfg = Debug|Any CPU
		{31678E44-9679-4028-BBD0-A010CD5093AA}.Debug|Any CPU.Build.0 = Debug|Any CPU
		{31678E44-9679-4028-BBD0-A010CD5093AA}.Release|Any CPU.ActiveCfg = Release|Any CPU
		{31678E44-9679-4028-BBD0-A010CD5093AA}.Release|Any CPU.Build.0 = Release|Any CPU
		{8829E887-44AC-4117-A81E-2E5434B6DAB9}.Debug|Any CPU.ActiveCfg = Debug|Any CPU
		{8829E887-44AC-4117-A81E-2E5434B6DAB9}.Debug|Any CPU.Build.0 = Debug|Any CPU
		{8829E887-44AC-4117-A81E-2E5434B6DAB9}.Release|Any CPU.ActiveCfg = Release|Any CPU
		{8829E887-44AC-4117-A81E-2E5434B6DAB9}.Release|Any CPU.Build.0 = Release|Any CPU
		{0F2A3A37-7692-42D3-8DCD-09084A1DCBAA}.Debug|Any CPU.ActiveCfg = Debug|Any CPU
		{0F2A3A37-7692-42D3-8DCD-09084A1DCBAA}.Debug|Any CPU.Build.0 = Debug|Any CPU
		{0F2A3A37-7692-42D3-8DCD-09084A1DCBAA}.Release|Any CPU.ActiveCfg = Release|Any CPU
		{0F2A3A37-7692-42D3-8DCD-09084A1DCBAA}.Release|Any CPU.Build.0 = Release|Any CPU
		{EE58D9D5-BC65-4758-9095-33157E2FE071}.Debug|Any CPU.ActiveCfg = Debug|Any CPU
		{EE58D9D5-BC65-4758-9095-33157E2FE071}.Debug|Any CPU.Build.0 = Debug|Any CPU
		{EE58D9D5-BC65-4758-9095-33157E2FE071}.Release|Any CPU.ActiveCfg = Release|Any CPU
		{EE58D9D5-BC65-4758-9095-33157E2FE071}.Release|Any CPU.Build.0 = Release|Any CPU
		{08D8A420-585E-4D12-9E6F-60AC880D21DE}.Debug|Any CPU.ActiveCfg = Debug|Any CPU
		{08D8A420-585E-4D12-9E6F-60AC880D21DE}.Debug|Any CPU.Build.0 = Debug|Any CPU
		{08D8A420-585E-4D12-9E6F-60AC880D21DE}.Release|Any CPU.ActiveCfg = Release|Any CPU
		{08D8A420-585E-4D12-9E6F-60AC880D21DE}.Release|Any CPU.Build.0 = Release|Any CPU
		{2E55B80D-1963-493C-8024-C170A668B3C1}.Debug|Any CPU.ActiveCfg = Debug|Any CPU
		{2E55B80D-1963-493C-8024-C170A668B3C1}.Debug|Any CPU.Build.0 = Debug|Any CPU
		{2E55B80D-1963-493C-8024-C170A668B3C1}.Release|Any CPU.ActiveCfg = Release|Any CPU
		{2E55B80D-1963-493C-8024-C170A668B3C1}.Release|Any CPU.Build.0 = Release|Any CPU
		{4D565009-E7C0-4B90-A119-FE8346C0B7F9}.Debug|Any CPU.ActiveCfg = Debug|Any CPU
		{4D565009-E7C0-4B90-A119-FE8346C0B7F9}.Debug|Any CPU.Build.0 = Debug|Any CPU
		{4D565009-E7C0-4B90-A119-FE8346C0B7F9}.Release|Any CPU.ActiveCfg = Release|Any CPU
		{4D565009-E7C0-4B90-A119-FE8346C0B7F9}.Release|Any CPU.Build.0 = Release|Any CPU
		{505900BF-6A83-443A-A740-945F7FC228BB}.Debug|Any CPU.ActiveCfg = Debug|Any CPU
		{505900BF-6A83-443A-A740-945F7FC228BB}.Debug|Any CPU.Build.0 = Debug|Any CPU
		{505900BF-6A83-443A-A740-945F7FC228BB}.Release|Any CPU.ActiveCfg = Release|Any CPU
		{505900BF-6A83-443A-A740-945F7FC228BB}.Release|Any CPU.Build.0 = Release|Any CPU
		{0FED36B0-4462-4B69-94A7-7ECB0B0D5724}.Debug|Any CPU.ActiveCfg = Debug|Any CPU
		{0FED36B0-4462-4B69-94A7-7ECB0B0D5724}.Debug|Any CPU.Build.0 = Debug|Any CPU
		{0FED36B0-4462-4B69-94A7-7ECB0B0D5724}.Release|Any CPU.ActiveCfg = Release|Any CPU
		{0FED36B0-4462-4B69-94A7-7ECB0B0D5724}.Release|Any CPU.Build.0 = Release|Any CPU
		{360DF764-6C6A-443A-AEA4-D0664A351ACC}.Debug|Any CPU.ActiveCfg = Debug|Any CPU
		{360DF764-6C6A-443A-AEA4-D0664A351ACC}.Debug|Any CPU.Build.0 = Debug|Any CPU
		{360DF764-6C6A-443A-AEA4-D0664A351ACC}.Release|Any CPU.ActiveCfg = Release|Any CPU
		{360DF764-6C6A-443A-AEA4-D0664A351ACC}.Release|Any CPU.Build.0 = Release|Any CPU
		{6A5694DD-437B-44AD-BB63-F5686FEB8DBB}.Debug|Any CPU.ActiveCfg = Debug|Any CPU
		{6A5694DD-437B-44AD-BB63-F5686FEB8DBB}.Debug|Any CPU.Build.0 = Debug|Any CPU
		{6A5694DD-437B-44AD-BB63-F5686FEB8DBB}.Release|Any CPU.ActiveCfg = Release|Any CPU
		{6A5694DD-437B-44AD-BB63-F5686FEB8DBB}.Release|Any CPU.Build.0 = Release|Any CPU
		{B093D0A9-D3DB-4860-866C-A37E569C7ABC}.Debug|Any CPU.ActiveCfg = Debug|Any CPU
		{B093D0A9-D3DB-4860-866C-A37E569C7ABC}.Debug|Any CPU.Build.0 = Debug|Any CPU
		{B093D0A9-D3DB-4860-866C-A37E569C7ABC}.Release|Any CPU.ActiveCfg = Release|Any CPU
		{B093D0A9-D3DB-4860-866C-A37E569C7ABC}.Release|Any CPU.Build.0 = Release|Any CPU
		{3A8EB72C-C31E-41D8-AC62-2B1717155E5E}.Debug|Any CPU.ActiveCfg = Debug|Any CPU
		{3A8EB72C-C31E-41D8-AC62-2B1717155E5E}.Debug|Any CPU.Build.0 = Debug|Any CPU
		{3A8EB72C-C31E-41D8-AC62-2B1717155E5E}.Release|Any CPU.ActiveCfg = Release|Any CPU
		{3A8EB72C-C31E-41D8-AC62-2B1717155E5E}.Release|Any CPU.Build.0 = Release|Any CPU
		{F566A3B2-16CD-4333-A073-DFF7FBFD5C64}.Debug|Any CPU.ActiveCfg = Debug|Any CPU
		{F566A3B2-16CD-4333-A073-DFF7FBFD5C64}.Debug|Any CPU.Build.0 = Debug|Any CPU
		{F566A3B2-16CD-4333-A073-DFF7FBFD5C64}.Release|Any CPU.ActiveCfg = Release|Any CPU
		{F566A3B2-16CD-4333-A073-DFF7FBFD5C64}.Release|Any CPU.Build.0 = Release|Any CPU
		{9763C731-2136-4C51-9ABF-E525964D122A}.Debug|Any CPU.ActiveCfg = Debug|Any CPU
		{9763C731-2136-4C51-9ABF-E525964D122A}.Debug|Any CPU.Build.0 = Debug|Any CPU
		{9763C731-2136-4C51-9ABF-E525964D122A}.Release|Any CPU.ActiveCfg = Release|Any CPU
		{9763C731-2136-4C51-9ABF-E525964D122A}.Release|Any CPU.Build.0 = Release|Any CPU
		{57F8F0C2-D1D8-4988-A58E-96580BF84260}.Debug|Any CPU.ActiveCfg = Debug|Any CPU
		{57F8F0C2-D1D8-4988-A58E-96580BF84260}.Debug|Any CPU.Build.0 = Debug|Any CPU
		{57F8F0C2-D1D8-4988-A58E-96580BF84260}.Release|Any CPU.ActiveCfg = Release|Any CPU
		{57F8F0C2-D1D8-4988-A58E-96580BF84260}.Release|Any CPU.Build.0 = Release|Any CPU
		{AE9C9FAB-061F-4866-BE3A-C6F645DD026B}.Debug|Any CPU.ActiveCfg = Debug|Any CPU
		{AE9C9FAB-061F-4866-BE3A-C6F645DD026B}.Debug|Any CPU.Build.0 = Debug|Any CPU
		{AE9C9FAB-061F-4866-BE3A-C6F645DD026B}.Release|Any CPU.ActiveCfg = Release|Any CPU
		{AE9C9FAB-061F-4866-BE3A-C6F645DD026B}.Release|Any CPU.Build.0 = Release|Any CPU
		{4051F8B8-0716-4A77-BEB5-874080408B67}.Debug|Any CPU.ActiveCfg = Debug|Any CPU
		{4051F8B8-0716-4A77-BEB5-874080408B67}.Debug|Any CPU.Build.0 = Debug|Any CPU
		{4051F8B8-0716-4A77-BEB5-874080408B67}.Release|Any CPU.ActiveCfg = Release|Any CPU
		{4051F8B8-0716-4A77-BEB5-874080408B67}.Release|Any CPU.Build.0 = Release|Any CPU
		{9913A353-CA77-4741-BBEB-AD4EF33A3759}.Debug|Any CPU.ActiveCfg = Debug|Any CPU
		{9913A353-CA77-4741-BBEB-AD4EF33A3759}.Debug|Any CPU.Build.0 = Debug|Any CPU
		{9913A353-CA77-4741-BBEB-AD4EF33A3759}.Release|Any CPU.ActiveCfg = Release|Any CPU
		{9913A353-CA77-4741-BBEB-AD4EF33A3759}.Release|Any CPU.Build.0 = Release|Any CPU
		{30B4046A-64C4-48C5-B80F-9DE4C95D73B1}.Debug|Any CPU.ActiveCfg = Debug|Any CPU
		{30B4046A-64C4-48C5-B80F-9DE4C95D73B1}.Debug|Any CPU.Build.0 = Debug|Any CPU
		{30B4046A-64C4-48C5-B80F-9DE4C95D73B1}.Release|Any CPU.ActiveCfg = Release|Any CPU
		{30B4046A-64C4-48C5-B80F-9DE4C95D73B1}.Release|Any CPU.Build.0 = Release|Any CPU
		{53A96C35-374F-49CB-B1D9-70A688288DEC}.Debug|Any CPU.ActiveCfg = Debug|Any CPU
		{53A96C35-374F-49CB-B1D9-70A688288DEC}.Debug|Any CPU.Build.0 = Debug|Any CPU
		{53A96C35-374F-49CB-B1D9-70A688288DEC}.Release|Any CPU.ActiveCfg = Release|Any CPU
		{53A96C35-374F-49CB-B1D9-70A688288DEC}.Release|Any CPU.Build.0 = Release|Any CPU
		{76EF8D12-AC77-4B94-A179-3502EE33A9F5}.Debug|Any CPU.ActiveCfg = Debug|Any CPU
		{76EF8D12-AC77-4B94-A179-3502EE33A9F5}.Debug|Any CPU.Build.0 = Debug|Any CPU
		{76EF8D12-AC77-4B94-A179-3502EE33A9F5}.Release|Any CPU.ActiveCfg = Release|Any CPU
		{76EF8D12-AC77-4B94-A179-3502EE33A9F5}.Release|Any CPU.Build.0 = Release|Any CPU
		{87926036-8C21-4B70-83BD-909D554B8A5D}.Debug|Any CPU.ActiveCfg = Debug|Any CPU
		{87926036-8C21-4B70-83BD-909D554B8A5D}.Debug|Any CPU.Build.0 = Debug|Any CPU
		{87926036-8C21-4B70-83BD-909D554B8A5D}.Release|Any CPU.ActiveCfg = Release|Any CPU
		{87926036-8C21-4B70-83BD-909D554B8A5D}.Release|Any CPU.Build.0 = Release|Any CPU
		{236CA782-5FCA-49D3-8848-671CE811A838}.Debug|Any CPU.ActiveCfg = Debug|Any CPU
		{236CA782-5FCA-49D3-8848-671CE811A838}.Debug|Any CPU.Build.0 = Debug|Any CPU
		{236CA782-5FCA-49D3-8848-671CE811A838}.Release|Any CPU.ActiveCfg = Release|Any CPU
		{236CA782-5FCA-49D3-8848-671CE811A838}.Release|Any CPU.Build.0 = Release|Any CPU
		{EBCB0817-EB01-4048-B110-9C84A43C345D}.Debug|Any CPU.ActiveCfg = Debug|Any CPU
		{EBCB0817-EB01-4048-B110-9C84A43C345D}.Debug|Any CPU.Build.0 = Debug|Any CPU
		{EBCB0817-EB01-4048-B110-9C84A43C345D}.Release|Any CPU.ActiveCfg = Release|Any CPU
		{EBCB0817-EB01-4048-B110-9C84A43C345D}.Release|Any CPU.Build.0 = Release|Any CPU
		{C05E0077-9AE5-4D86-8EDB-B888D27649AC}.Debug|Any CPU.ActiveCfg = Debug|Any CPU
		{C05E0077-9AE5-4D86-8EDB-B888D27649AC}.Debug|Any CPU.Build.0 = Debug|Any CPU
		{C05E0077-9AE5-4D86-8EDB-B888D27649AC}.Release|Any CPU.ActiveCfg = Release|Any CPU
		{C05E0077-9AE5-4D86-8EDB-B888D27649AC}.Release|Any CPU.Build.0 = Release|Any CPU
		{8166A1A6-D188-4E4A-BD9A-FE1F91EECE0D}.Debug|Any CPU.ActiveCfg = Debug|Any CPU
		{8166A1A6-D188-4E4A-BD9A-FE1F91EECE0D}.Debug|Any CPU.Build.0 = Debug|Any CPU
		{8166A1A6-D188-4E4A-BD9A-FE1F91EECE0D}.Release|Any CPU.ActiveCfg = Release|Any CPU
		{8166A1A6-D188-4E4A-BD9A-FE1F91EECE0D}.Release|Any CPU.Build.0 = Release|Any CPU
		{25FF8D42-1DE2-459A-A923-F696EE820BA8}.Debug|Any CPU.ActiveCfg = Debug|Any CPU
		{25FF8D42-1DE2-459A-A923-F696EE820BA8}.Debug|Any CPU.Build.0 = Debug|Any CPU
		{25FF8D42-1DE2-459A-A923-F696EE820BA8}.Release|Any CPU.ActiveCfg = Release|Any CPU
		{25FF8D42-1DE2-459A-A923-F696EE820BA8}.Release|Any CPU.Build.0 = Release|Any CPU
		{D0B894F0-809E-46A6-8F8C-8381F3BDEE28}.Debug|Any CPU.ActiveCfg = Debug|Any CPU
		{D0B894F0-809E-46A6-8F8C-8381F3BDEE28}.Debug|Any CPU.Build.0 = Debug|Any CPU
		{D0B894F0-809E-46A6-8F8C-8381F3BDEE28}.Release|Any CPU.ActiveCfg = Release|Any CPU
		{D0B894F0-809E-46A6-8F8C-8381F3BDEE28}.Release|Any CPU.Build.0 = Release|Any CPU
		{889CD0FB-3FA8-4D1C-B983-17E30321A152}.Debug|Any CPU.ActiveCfg = Debug|Any CPU
		{889CD0FB-3FA8-4D1C-B983-17E30321A152}.Debug|Any CPU.Build.0 = Debug|Any CPU
		{889CD0FB-3FA8-4D1C-B983-17E30321A152}.Release|Any CPU.ActiveCfg = Release|Any CPU
		{889CD0FB-3FA8-4D1C-B983-17E30321A152}.Release|Any CPU.Build.0 = Release|Any CPU
		{D3BE1949-703F-493A-BE38-1F609A29C911}.Debug|Any CPU.ActiveCfg = Debug|Any CPU
		{D3BE1949-703F-493A-BE38-1F609A29C911}.Debug|Any CPU.Build.0 = Debug|Any CPU
		{D3BE1949-703F-493A-BE38-1F609A29C911}.Release|Any CPU.ActiveCfg = Release|Any CPU
		{D3BE1949-703F-493A-BE38-1F609A29C911}.Release|Any CPU.Build.0 = Release|Any CPU
		{4889EFCA-04AD-406F-B8CC-7246597961AD}.Debug|Any CPU.ActiveCfg = Debug|Any CPU
		{4889EFCA-04AD-406F-B8CC-7246597961AD}.Debug|Any CPU.Build.0 = Debug|Any CPU
		{4889EFCA-04AD-406F-B8CC-7246597961AD}.Release|Any CPU.ActiveCfg = Release|Any CPU
		{4889EFCA-04AD-406F-B8CC-7246597961AD}.Release|Any CPU.Build.0 = Release|Any CPU
		{A1A9093A-68C1-4480-8007-E23314B86F66}.Debug|Any CPU.ActiveCfg = Debug|Any CPU
		{A1A9093A-68C1-4480-8007-E23314B86F66}.Debug|Any CPU.Build.0 = Debug|Any CPU
		{A1A9093A-68C1-4480-8007-E23314B86F66}.Release|Any CPU.ActiveCfg = Release|Any CPU
		{A1A9093A-68C1-4480-8007-E23314B86F66}.Release|Any CPU.Build.0 = Release|Any CPU
		{241D90BD-7351-4E89-8AEA-4FD694021350}.Debug|Any CPU.ActiveCfg = Debug|Any CPU
		{241D90BD-7351-4E89-8AEA-4FD694021350}.Debug|Any CPU.Build.0 = Debug|Any CPU
		{241D90BD-7351-4E89-8AEA-4FD694021350}.Release|Any CPU.ActiveCfg = Release|Any CPU
		{241D90BD-7351-4E89-8AEA-4FD694021350}.Release|Any CPU.Build.0 = Release|Any CPU
		{51C05312-639C-4D1F-AEA8-126249BF54B2}.Debug|Any CPU.ActiveCfg = Debug|Any CPU
		{51C05312-639C-4D1F-AEA8-126249BF54B2}.Debug|Any CPU.Build.0 = Debug|Any CPU
		{51C05312-639C-4D1F-AEA8-126249BF54B2}.Release|Any CPU.ActiveCfg = Release|Any CPU
		{51C05312-639C-4D1F-AEA8-126249BF54B2}.Release|Any CPU.Build.0 = Release|Any CPU
		{03BDB931-D4CD-424D-A6A1-3683285393E9}.Debug|Any CPU.ActiveCfg = Debug|Any CPU
		{03BDB931-D4CD-424D-A6A1-3683285393E9}.Debug|Any CPU.Build.0 = Debug|Any CPU
		{03BDB931-D4CD-424D-A6A1-3683285393E9}.Release|Any CPU.ActiveCfg = Release|Any CPU
		{03BDB931-D4CD-424D-A6A1-3683285393E9}.Release|Any CPU.Build.0 = Release|Any CPU
	EndGlobalSection
	GlobalSection(SolutionProperties) = preSolution
		HideSolutionNode = FALSE
	EndGlobalSection
	GlobalSection(NestedProjects) = preSolution
		{B62FB26B-FEA8-4395-A7B9-AD528F8ACD45} = {1EEBE226-9C24-474B-9CD3-59B11380D71A}
		{85B634A1-C7A5-42FE-8CBD-6EA51B5D1F43} = {1EEBE226-9C24-474B-9CD3-59B11380D71A}
		{23BFE71A-E184-493B-B207-75761BA0E83B} = {1EEBE226-9C24-474B-9CD3-59B11380D71A}
		{600ADCDC-A81B-40D1-ACE4-C0FFA5E3CF5F} = {1EEBE226-9C24-474B-9CD3-59B11380D71A}
		{C7FD91FB-84D8-4D09-ADDF-E5D228C73ADA} = {1EEBE226-9C24-474B-9CD3-59B11380D71A}
		{FD1D9F57-DF5A-4E14-8CFB-43DF4D0380C5} = {1EEBE226-9C24-474B-9CD3-59B11380D71A}
		{18BC2C53-4967-4A94-8FC4-60B9C5073CEA} = {1EEBE226-9C24-474B-9CD3-59B11380D71A}
		{D027F339-76E7-43EE-86FC-FB3238770864} = {1EEBE226-9C24-474B-9CD3-59B11380D71A}
		{0AF6B6EB-D9D8-419D-AD31-F1C3A7396812} = {1EEBE226-9C24-474B-9CD3-59B11380D71A}
		{A9F309B9-4F6B-40AF-90E6-17AD62FFD57C} = {1EEBE226-9C24-474B-9CD3-59B11380D71A}
		{7E64D0BB-B16D-4D52-9DED-79B385470EA4} = {1EEBE226-9C24-474B-9CD3-59B11380D71A}
		{4D1717AA-2FF2-4169-AAD4-D3B2B289817F} = {1EEBE226-9C24-474B-9CD3-59B11380D71A}
		{B4EA9135-485B-4A47-B9DB-B58B67F9105D} = {1096EECF-69C8-4CD6-887D-62A110FA10A7}
		{2F731256-468A-47BE-B31F-61BF5DDAA5C5} = {1096EECF-69C8-4CD6-887D-62A110FA10A7}
		{252A0130-C3DD-4934-8ED5-279F637C9C16} = {1096EECF-69C8-4CD6-887D-62A110FA10A7}
		{74B3E583-09B8-4539-883F-2893CDE3C59F} = {1096EECF-69C8-4CD6-887D-62A110FA10A7}
		{9AC65073-C4E5-4A00-8F81-7E096F430239} = {1096EECF-69C8-4CD6-887D-62A110FA10A7}
		{FAB9EFF0-C147-4881-897D-612383A61271} = {1096EECF-69C8-4CD6-887D-62A110FA10A7}
		{AC956FA9-515F-44C0-B18E-C366F82A3DB9} = {1096EECF-69C8-4CD6-887D-62A110FA10A7}
		{BE950CF6-49C5-4E39-857C-FF414924B18D} = {1096EECF-69C8-4CD6-887D-62A110FA10A7}
		{59569136-D9EE-4628-97CA-F8D0EC9854BE} = {1096EECF-69C8-4CD6-887D-62A110FA10A7}
		{E4704940-048A-4F25-8F8A-80B6A9649473} = {1096EECF-69C8-4CD6-887D-62A110FA10A7}
		{94C939E5-89E9-4E24-9AFA-B5F487BBD819} = {1096EECF-69C8-4CD6-887D-62A110FA10A7}
		{56E9B7AE-F8B5-452E-BF94-3FB4D44778B5} = {1096EECF-69C8-4CD6-887D-62A110FA10A7}
		{1AAC6765-35AE-4AA6-8D9B-A93BD5BF5691} = {1096EECF-69C8-4CD6-887D-62A110FA10A7}
		{41A56A5D-0619-4C59-A9F0-9E3F19D67E3C} = {1096EECF-69C8-4CD6-887D-62A110FA10A7}
		{F53F393D-5492-4C12-9421-F8A9829B9663} = {1096EECF-69C8-4CD6-887D-62A110FA10A7}
		{1EEBE226-9C24-474B-9CD3-59B11380D71A} = {A33460DC-2A1B-4DDC-8958-5FC0DB53E3C2}
		{1096EECF-69C8-4CD6-887D-62A110FA10A7} = {A33460DC-2A1B-4DDC-8958-5FC0DB53E3C2}
		{69CABF58-7EDB-4047-99C4-3647F6AB98AF} = {1096EECF-69C8-4CD6-887D-62A110FA10A7}
		{3DB4C255-FD1E-4CBF-BEA9-27368C2B3CEC} = {1096EECF-69C8-4CD6-887D-62A110FA10A7}
		{7F3DC0EF-9C04-4690-B5E3-886FF007D190} = {1096EECF-69C8-4CD6-887D-62A110FA10A7}
		{3F443C29-7A3C-4158-83AD-B35010C7CFCE} = {A33460DC-2A1B-4DDC-8958-5FC0DB53E3C2}
		{29D22FA0-01AA-4F8A-A59C-9881A9676A21} = {3F443C29-7A3C-4158-83AD-B35010C7CFCE}
		{4D235F59-5827-4068-BA3F-43F157AFDBEF} = {3F443C29-7A3C-4158-83AD-B35010C7CFCE}
		{A64350E8-FD61-481D-AC91-517A2171AD1F} = {3F443C29-7A3C-4158-83AD-B35010C7CFCE}
		{64CBEB72-D283-4719-B450-65BE2CA45A9C} = {3F443C29-7A3C-4158-83AD-B35010C7CFCE}
		{50F26548-59FA-4AB2-9237-8F1184B951EC} = {3F443C29-7A3C-4158-83AD-B35010C7CFCE}
		{0ADDA539-E2BB-48D0-86E0-A4A52F9DEBE6} = {3F443C29-7A3C-4158-83AD-B35010C7CFCE}
		{60E6666C-2BF8-4B9A-BD8C-56BD914890BD} = {3F443C29-7A3C-4158-83AD-B35010C7CFCE}
		{5414ABBD-9EE8-4F58-8CA2-4FBADA06CC33} = {3F443C29-7A3C-4158-83AD-B35010C7CFCE}
		{4D2440CF-9B53-4AC5-88EE-91A842C615BD} = {3F443C29-7A3C-4158-83AD-B35010C7CFCE}
		{00C7F932-EDE3-4B00-B7D2-BB7E6BE7B46E} = {3F443C29-7A3C-4158-83AD-B35010C7CFCE}
		{D6083F2B-963E-490C-87E7-6D316763CC21} = {A33460DC-2A1B-4DDC-8958-5FC0DB53E3C2}
		{CD299B40-B443-4206-B535-7711F0EA814E} = {D6083F2B-963E-490C-87E7-6D316763CC21}
		{048E22A9-6C40-409E-B451-380966F3D686} = {D6083F2B-963E-490C-87E7-6D316763CC21}
		{5988F95D-EA22-4A61-A657-73CB2F12B582} = {D6083F2B-963E-490C-87E7-6D316763CC21}
		{89999D85-9BF6-4BA8-B3FF-4ECDEB5F665F} = {D6083F2B-963E-490C-87E7-6D316763CC21}
		{7B0B1246-6F15-4760-8ACD-1D7170F24B98} = {D6083F2B-963E-490C-87E7-6D316763CC21}
		{29DBDC25-08F7-4DF4-B9A5-8F7939CF16D4} = {D6083F2B-963E-490C-87E7-6D316763CC21}
		{7D68C7AD-79E7-4598-A289-4F4B7BD47E40} = {D6083F2B-963E-490C-87E7-6D316763CC21}
		{EDECDC9E-4908-478C-994D-6DD643157CB5} = {D6083F2B-963E-490C-87E7-6D316763CC21}
		{89405D54-BF80-45D8-945E-6716A96C30AC} = {D6083F2B-963E-490C-87E7-6D316763CC21}
		{BC067B76-34CE-4EA0-9256-ADA78A64C8D9} = {D6083F2B-963E-490C-87E7-6D316763CC21}
		{D3048D38-2C86-48D5-9267-0996CEC0A58B} = {1C83E6DC-B3FA-4A41-95F4-FA5475EACB46}
		{1C83E6DC-B3FA-4A41-95F4-FA5475EACB46} = {A33460DC-2A1B-4DDC-8958-5FC0DB53E3C2}
		{8B9ED395-208D-4140-888B-446F46A28DAD} = {1C83E6DC-B3FA-4A41-95F4-FA5475EACB46}
		{0A9B29A7-7DF8-46CD-8A1C-C36B7B6F3B13} = {1C83E6DC-B3FA-4A41-95F4-FA5475EACB46}
		{A928CF80-54D8-45D1-A90B-0AA5668891DF} = {1C83E6DC-B3FA-4A41-95F4-FA5475EACB46}
		{E34F73BF-33F2-424F-B345-BCD5DF3CF1E7} = {A33460DC-2A1B-4DDC-8958-5FC0DB53E3C2}
		{C1E8710D-536F-4F16-82E2-3748B08025AC} = {E34F73BF-33F2-424F-B345-BCD5DF3CF1E7}
		{0DC2E19C-A47D-46BC-826A-EBFC76951BDF} = {E34F73BF-33F2-424F-B345-BCD5DF3CF1E7}
		{31678E44-9679-4028-BBD0-A010CD5093AA} = {E34F73BF-33F2-424F-B345-BCD5DF3CF1E7}
		{8829E887-44AC-4117-A81E-2E5434B6DAB9} = {E34F73BF-33F2-424F-B345-BCD5DF3CF1E7}
		{0F2A3A37-7692-42D3-8DCD-09084A1DCBAA} = {E34F73BF-33F2-424F-B345-BCD5DF3CF1E7}
		{EE58D9D5-BC65-4758-9095-33157E2FE071} = {E34F73BF-33F2-424F-B345-BCD5DF3CF1E7}
		{0F4FD5B2-BEBE-4E6C-BE14-FEDC627A9805} = {77BCA7E5-F688-445A-815B-25F593CA1917}
		{08D8A420-585E-4D12-9E6F-60AC880D21DE} = {0F4FD5B2-BEBE-4E6C-BE14-FEDC627A9805}
		{2E55B80D-1963-493C-8024-C170A668B3C1} = {0F4FD5B2-BEBE-4E6C-BE14-FEDC627A9805}
		{4D565009-E7C0-4B90-A119-FE8346C0B7F9} = {0F4FD5B2-BEBE-4E6C-BE14-FEDC627A9805}
		{0ED4AF4D-89EA-4737-B1A6-E99A002809ED} = {77BCA7E5-F688-445A-815B-25F593CA1917}
		{284EA969-5DC3-41A6-AED0-0DAEF1F029F7} = {77BCA7E5-F688-445A-815B-25F593CA1917}
		{5D880113-A0F1-4A3A-A8E3-CC34A5234410} = {77BCA7E5-F688-445A-815B-25F593CA1917}
		{505900BF-6A83-443A-A740-945F7FC228BB} = {0ED4AF4D-89EA-4737-B1A6-E99A002809ED}
		{0FED36B0-4462-4B69-94A7-7ECB0B0D5724} = {0ED4AF4D-89EA-4737-B1A6-E99A002809ED}
		{360DF764-6C6A-443A-AEA4-D0664A351ACC} = {5D880113-A0F1-4A3A-A8E3-CC34A5234410}
		{6A5694DD-437B-44AD-BB63-F5686FEB8DBB} = {5D880113-A0F1-4A3A-A8E3-CC34A5234410}
		{B093D0A9-D3DB-4860-866C-A37E569C7ABC} = {5D880113-A0F1-4A3A-A8E3-CC34A5234410}
		{3A8EB72C-C31E-41D8-AC62-2B1717155E5E} = {5D880113-A0F1-4A3A-A8E3-CC34A5234410}
		{F566A3B2-16CD-4333-A073-DFF7FBFD5C64} = {284EA969-5DC3-41A6-AED0-0DAEF1F029F7}
		{9763C731-2136-4C51-9ABF-E525964D122A} = {284EA969-5DC3-41A6-AED0-0DAEF1F029F7}
		{57F8F0C2-D1D8-4988-A58E-96580BF84260} = {284EA969-5DC3-41A6-AED0-0DAEF1F029F7}
		{AE9C9FAB-061F-4866-BE3A-C6F645DD026B} = {284EA969-5DC3-41A6-AED0-0DAEF1F029F7}
		{4051F8B8-0716-4A77-BEB5-874080408B67} = {0ED4AF4D-89EA-4737-B1A6-E99A002809ED}
		{9913A353-CA77-4741-BBEB-AD4EF33A3759} = {0ED4AF4D-89EA-4737-B1A6-E99A002809ED}
		{49220554-74AA-461A-9BA1-1562E5646E43} = {77BCA7E5-F688-445A-815B-25F593CA1917}
		{30B4046A-64C4-48C5-B80F-9DE4C95D73B1} = {49220554-74AA-461A-9BA1-1562E5646E43}
		{53A96C35-374F-49CB-B1D9-70A688288DEC} = {49220554-74AA-461A-9BA1-1562E5646E43}
		{76EF8D12-AC77-4B94-A179-3502EE33A9F5} = {49220554-74AA-461A-9BA1-1562E5646E43}
		{87926036-8C21-4B70-83BD-909D554B8A5D} = {49220554-74AA-461A-9BA1-1562E5646E43}
		{D879D733-EBC5-44F0-9800-4815033B8CB8} = {77BCA7E5-F688-445A-815B-25F593CA1917}
		{236CA782-5FCA-49D3-8848-671CE811A838} = {D879D733-EBC5-44F0-9800-4815033B8CB8}
		{EBCB0817-EB01-4048-B110-9C84A43C345D} = {D879D733-EBC5-44F0-9800-4815033B8CB8}
		{C05E0077-9AE5-4D86-8EDB-B888D27649AC} = {D879D733-EBC5-44F0-9800-4815033B8CB8}
		{8166A1A6-D188-4E4A-BD9A-FE1F91EECE0D} = {D879D733-EBC5-44F0-9800-4815033B8CB8}
		{25FF8D42-1DE2-459A-A923-F696EE820BA8} = {0F9E8A36-E5AA-4FD0-8E76-3FBCB681121F}
		{D0B894F0-809E-46A6-8F8C-8381F3BDEE28} = {0F9E8A36-E5AA-4FD0-8E76-3FBCB681121F}
		{0F9E8A36-E5AA-4FD0-8E76-3FBCB681121F} = {14154CBD-C4E4-44C2-B336-1C94A638D53C}
		{889CD0FB-3FA8-4D1C-B983-17E30321A152} = {0F9E8A36-E5AA-4FD0-8E76-3FBCB681121F}
		{D3BE1949-703F-493A-BE38-1F609A29C911} = {0F9E8A36-E5AA-4FD0-8E76-3FBCB681121F}
		{4889EFCA-04AD-406F-B8CC-7246597961AD} = {0F9E8A36-E5AA-4FD0-8E76-3FBCB681121F}
		{A1A9093A-68C1-4480-8007-E23314B86F66} = {0F9E8A36-E5AA-4FD0-8E76-3FBCB681121F}
		{241D90BD-7351-4E89-8AEA-4FD694021350} = {0F9E8A36-E5AA-4FD0-8E76-3FBCB681121F}
		{51C05312-639C-4D1F-AEA8-126249BF54B2} = {0F9E8A36-E5AA-4FD0-8E76-3FBCB681121F}
		{D93AB1DD-FF33-400F-8026-16ED2EF1A982} = {14154CBD-C4E4-44C2-B336-1C94A638D53C}
		{03BDB931-D4CD-424D-A6A1-3683285393E9} = {D93AB1DD-FF33-400F-8026-16ED2EF1A982}
	EndGlobalSection
	GlobalSection(ExtensibilityGlobals) = postSolution
		SolutionGuid = {70E0200C-9FD5-4024-B5B6-2A435D7FA372}
	EndGlobalSection
EndGlobal
